
Microsoft Visual Studio Solution File, Format Version 12.00
# Visual Studio Version 16
VisualStudioVersion = 16.0.29709.97
MinimumVisualStudioVersion = 10.0.40219.1
Project("{FAE04EC0-301F-11D3-BF4B-00C04F79EFBC}") = "XamarinClient_ApiAzure.Android", "XamarinClient_ApiAzure.Android\XamarinClient_ApiAzure.Android.csproj", "{D03F0CB2-2C11-4DC1-A3F3-67DABEC62F52}"
EndProject
Project("{FAE04EC0-301F-11D3-BF4B-00C04F79EFBC}") = "XamarinClient_ApiAzure.iOS", "XamarinClient_ApiAzure.iOS\XamarinClient_ApiAzure.iOS.csproj", "{1CA609C7-1269-4745-B4BE-B5FCE180E07A}"
EndProject
Project("{FAE04EC0-301F-11D3-BF4B-00C04F79EFBC}") = "XamarinClient_ApiAzure", "XamarinClient_ApiAzure\XamarinClient_ApiAzure.csproj", "{B49642DD-C206-45FC-8596-CC2FC6C92333}"
EndProject
Global
	GlobalSection(SolutionConfigurationPlatforms) = preSolution
		Debug|Any CPU = Debug|Any CPU
		Debug|iPhone = Debug|iPhone
		Debug|iPhoneSimulator = Debug|iPhoneSimulator
		Release|Any CPU = Release|Any CPU
		Release|iPhone = Release|iPhone
		Release|iPhoneSimulator = Release|iPhoneSimulator
	EndGlobalSection
	GlobalSection(ProjectConfigurationPlatforms) = postSolution
		{D03F0CB2-2C11-4DC1-A3F3-67DABEC62F52}.Debug|Any CPU.ActiveCfg = Debug|Any CPU
		{D03F0CB2-2C11-4DC1-A3F3-67DABEC62F52}.Debug|Any CPU.Build.0 = Debug|Any CPU
		{D03F0CB2-2C11-4DC1-A3F3-67DABEC62F52}.Debug|Any CPU.Deploy.0 = Debug|Any CPU
		{D03F0CB2-2C11-4DC1-A3F3-67DABEC62F52}.Debug|iPhone.ActiveCfg = Debug|Any CPU
		{D03F0CB2-2C11-4DC1-A3F3-67DABEC62F52}.Debug|iPhone.Build.0 = Debug|Any CPU
		{D03F0CB2-2C11-4DC1-A3F3-67DABEC62F52}.Debug|iPhone.Deploy.0 = Debug|Any CPU
		{D03F0CB2-2C11-4DC1-A3F3-67DABEC62F52}.Debug|iPhoneSimulator.ActiveCfg = Debug|Any CPU
		{D03F0CB2-2C11-4DC1-A3F3-67DABEC62F52}.Debug|iPhoneSimulator.Build.0 = Debug|Any CPU
		{D03F0CB2-2C11-4DC1-A3F3-67DABEC62F52}.Debug|iPhoneSimulator.Deploy.0 = Debug|Any CPU
		{D03F0CB2-2C11-4DC1-A3F3-67DABEC62F52}.Release|Any CPU.ActiveCfg = Release|Any CPU
		{D03F0CB2-2C11-4DC1-A3F3-67DABEC62F52}.Release|Any CPU.Build.0 = Release|Any CPU
		{D03F0CB2-2C11-4DC1-A3F3-67DABEC62F52}.Release|Any CPU.Deploy.0 = Release|Any CPU
		{D03F0CB2-2C11-4DC1-A3F3-67DABEC62F52}.Release|iPhone.ActiveCfg = Release|Any CPU
		{D03F0CB2-2C11-4DC1-A3F3-67DABEC62F52}.Release|iPhone.Build.0 = Release|Any CPU
		{D03F0CB2-2C11-4DC1-A3F3-67DABEC62F52}.Release|iPhone.Deploy.0 = Release|Any CPU
		{D03F0CB2-2C11-4DC1-A3F3-67DABEC62F52}.Release|iPhoneSimulator.ActiveCfg = Release|Any CPU
		{D03F0CB2-2C11-4DC1-A3F3-67DABEC62F52}.Release|iPhoneSimulator.Build.0 = Release|Any CPU
		{D03F0CB2-2C11-4DC1-A3F3-67DABEC62F52}.Release|iPhoneSimulator.Deploy.0 = Release|Any CPU
		{1CA609C7-1269-4745-B4BE-B5FCE180E07A}.Debug|Any CPU.ActiveCfg = Debug|iPhoneSimulator
		{1CA609C7-1269-4745-B4BE-B5FCE180E07A}.Debug|Any CPU.Build.0 = Debug|iPhoneSimulator
		{1CA609C7-1269-4745-B4BE-B5FCE180E07A}.Debug|Any CPU.Deploy.0 = Debug|iPhoneSimulator
		{1CA609C7-1269-4745-B4BE-B5FCE180E07A}.Debug|iPhone.ActiveCfg = Debug|iPhone
		{1CA609C7-1269-4745-B4BE-B5FCE180E07A}.Debug|iPhone.Build.0 = Debug|iPhone
		{1CA609C7-1269-4745-B4BE-B5FCE180E07A}.Debug|iPhone.Deploy.0 = Debug|iPhone
		{1CA609C7-1269-4745-B4BE-B5FCE180E07A}.Debug|iPhoneSimulator.ActiveCfg = Debug|iPhoneSimulator
		{1CA609C7-1269-4745-B4BE-B5FCE180E07A}.Debug|iPhoneSimulator.Build.0 = Debug|iPhoneSimulator
		{1CA609C7-1269-4745-B4BE-B5FCE180E07A}.Debug|iPhoneSimulator.Deploy.0 = Debug|iPhoneSimulator
		{1CA609C7-1269-4745-B4BE-B5FCE180E07A}.Release|Any CPU.ActiveCfg = Release|iPhone
		{1CA609C7-1269-4745-B4BE-B5FCE180E07A}.Release|Any CPU.Build.0 = Release|iPhone
		{1CA609C7-1269-4745-B4BE-B5FCE180E07A}.Release|Any CPU.Deploy.0 = Release|iPhone
		{1CA609C7-1269-4745-B4BE-B5FCE180E07A}.Release|iPhone.ActiveCfg = Release|iPhone
		{1CA609C7-1269-4745-B4BE-B5FCE180E07A}.Release|iPhone.Build.0 = Release|iPhone
		{1CA609C7-1269-4745-B4BE-B5FCE180E07A}.Release|iPhone.Deploy.0 = Release|iPhone
		{1CA609C7-1269-4745-B4BE-B5FCE180E07A}.Release|iPhoneSimulator.ActiveCfg = Release|iPhoneSimulator
		{1CA609C7-1269-4745-B4BE-B5FCE180E07A}.Release|iPhoneSimulator.Build.0 = Release|iPhoneSimulator
		{1CA609C7-1269-4745-B4BE-B5FCE180E07A}.Release|iPhoneSimulator.Deploy.0 = Release|iPhoneSimulator
		{B49642DD-C206-45FC-8596-CC2FC6C92333}.Debug|Any CPU.ActiveCfg = Debug|Any CPU
		{B49642DD-C206-45FC-8596-CC2FC6C92333}.Debug|Any CPU.Build.0 = Debug|Any CPU
		{B49642DD-C206-45FC-8596-CC2FC6C92333}.Debug|Any CPU.Deploy.0 = Debug|Any CPU
		{B49642DD-C206-45FC-8596-CC2FC6C92333}.Debug|iPhone.ActiveCfg = Debug|Any CPU
		{B49642DD-C206-45FC-8596-CC2FC6C92333}.Debug|iPhone.Build.0 = Debug|Any CPU
		{B49642DD-C206-45FC-8596-CC2FC6C92333}.Debug|iPhone.Deploy.0 = Debug|Any CPU
		{B49642DD-C206-45FC-8596-CC2FC6C92333}.Debug|iPhoneSimulator.ActiveCfg = Debug|Any CPU
		{B49642DD-C206-45FC-8596-CC2FC6C92333}.Debug|iPhoneSimulator.Build.0 = Debug|Any CPU
		{B49642DD-C206-45FC-8596-CC2FC6C92333}.Debug|iPhoneSimulator.Deploy.0 = Debug|Any CPU
		{B49642DD-C206-45FC-8596-CC2FC6C92333}.Release|Any CPU.ActiveCfg = Release|Any CPU
		{B49642DD-C206-45FC-8596-CC2FC6C92333}.Release|Any CPU.Build.0 = Release|Any CPU
		{B49642DD-C206-45FC-8596-CC2FC6C92333}.Release|Any CPU.Deploy.0 = Release|Any CPU
		{B49642DD-C206-45FC-8596-CC2FC6C92333}.Release|iPhone.ActiveCfg = Release|Any CPU
		{B49642DD-C206-45FC-8596-CC2FC6C92333}.Release|iPhone.Build.0 = Release|Any CPU
		{B49642DD-C206-45FC-8596-CC2FC6C92333}.Release|iPhone.Deploy.0 = Release|Any CPU
		{B49642DD-C206-45FC-8596-CC2FC6C92333}.Release|iPhoneSimulator.ActiveCfg = Release|Any CPU
		{B49642DD-C206-45FC-8596-CC2FC6C92333}.Release|iPhoneSimulator.Build.0 = Release|Any CPU
		{B49642DD-C206-45FC-8596-CC2FC6C92333}.Release|iPhoneSimulator.Deploy.0 = Release|Any CPU
	EndGlobalSection
	GlobalSection(SolutionProperties) = preSolution
		HideSolutionNode = FALSE
	EndGlobalSection
	GlobalSection(ExtensibilityGlobals) = postSolution
		SolutionGuid = {D01CD9D1-3EF5-4694-AB0C-9A2AAF291413}
	EndGlobalSection
EndGlobal
